#MicroXplorer Configuration settings - do not modify
CRC.IPParameters=InputDataFormat
CRC.InputDataFormat=CRC_INPUTDATA_FORMAT_WORDS
Dma.Request0=USART1_RX
Dma.Request1=USART1_TX
Dma.Request2=SPI1_TX
Dma.RequestsNb=3
Dma.SPI1_TX.2.Direction=DMA_MEMORY_TO_PERIPH
Dma.SPI1_TX.2.EventEnable=DISABLE
Dma.SPI1_TX.2.FIFOMode=DMA_FIFOMODE_DISABLE
Dma.SPI1_TX.2.Instance=DMA1_Stream0
Dma.SPI1_TX.2.MemDataAlignment=DMA_MDATAALIGN_HALFWORD
Dma.SPI1_TX.2.MemInc=DMA_MINC_ENABLE
Dma.SPI1_TX.2.Mode=DMA_NORMAL
Dma.SPI1_TX.2.PeriphDataAlignment=DMA_PDATAALIGN_HALFWORD
Dma.SPI1_TX.2.PeriphInc=DMA_PINC_DISABLE
Dma.SPI1_TX.2.Polarity=HAL_DMAMUX_REQ_GEN_RISING
Dma.SPI1_TX.2.Priority=DMA_PRIORITY_LOW
Dma.SPI1_TX.2.RequestNumber=1
Dma.SPI1_TX.2.RequestParameters=Instance,Direction,PeriphInc,MemInc,PeriphDataAlignment,MemDataAlignment,Mode,Priority,FIFOMode,SignalID,Polarity,RequestNumber,SyncSignalID,SyncPolarity,SyncEnable,EventEnable,SyncRequestNumber
Dma.SPI1_TX.2.SignalID=NONE
Dma.SPI1_TX.2.SyncEnable=DISABLE
Dma.SPI1_TX.2.SyncPolarity=HAL_DMAMUX_SYNC_NO_EVENT
Dma.SPI1_TX.2.SyncRequestNumber=1
Dma.SPI1_TX.2.SyncSignalID=NONE
Dma.USART1_RX.0.Direction=DMA_PERIPH_TO_MEMORY
Dma.USART1_RX.0.EventEnable=DISABLE
Dma.USART1_RX.0.FIFOMode=DMA_FIFOMODE_DISABLE
Dma.USART1_RX.0.Instance=DMA1_Stream2
Dma.USART1_RX.0.MemDataAlignment=DMA_MDATAALIGN_BYTE
Dma.USART1_RX.0.MemInc=DMA_MINC_ENABLE
Dma.USART1_RX.0.Mode=DMA_CIRCULAR
Dma.USART1_RX.0.PeriphDataAlignment=DMA_PDATAALIGN_BYTE
Dma.USART1_RX.0.PeriphInc=DMA_PINC_DISABLE
Dma.USART1_RX.0.Polarity=HAL_DMAMUX_REQ_GEN_RISING
Dma.USART1_RX.0.Priority=DMA_PRIORITY_LOW
Dma.USART1_RX.0.RequestNumber=1
Dma.USART1_RX.0.RequestParameters=Instance,Direction,PeriphInc,MemInc,PeriphDataAlignment,MemDataAlignment,Mode,Priority,FIFOMode,SignalID,Polarity,RequestNumber,SyncSignalID,SyncPolarity,SyncEnable,EventEnable,SyncRequestNumber
Dma.USART1_RX.0.SignalID=NONE
Dma.USART1_RX.0.SyncEnable=DISABLE
Dma.USART1_RX.0.SyncPolarity=HAL_DMAMUX_SYNC_NO_EVENT
Dma.USART1_RX.0.SyncRequestNumber=1
Dma.USART1_RX.0.SyncSignalID=NONE
Dma.USART1_TX.1.Direction=DMA_MEMORY_TO_PERIPH
Dma.USART1_TX.1.EventEnable=DISABLE
Dma.USART1_TX.1.FIFOMode=DMA_FIFOMODE_DISABLE
Dma.USART1_TX.1.Instance=DMA1_Stream1
Dma.USART1_TX.1.MemDataAlignment=DMA_MDATAALIGN_BYTE
Dma.USART1_TX.1.MemInc=DMA_MINC_ENABLE
Dma.USART1_TX.1.Mode=DMA_NORMAL
Dma.USART1_TX.1.PeriphDataAlignment=DMA_PDATAALIGN_BYTE
Dma.USART1_TX.1.PeriphInc=DMA_PINC_DISABLE
Dma.USART1_TX.1.Polarity=HAL_DMAMUX_REQ_GEN_RISING
Dma.USART1_TX.1.Priority=DMA_PRIORITY_LOW
Dma.USART1_TX.1.RequestNumber=1
Dma.USART1_TX.1.RequestParameters=Instance,Direction,PeriphInc,MemInc,PeriphDataAlignment,MemDataAlignment,Mode,Priority,FIFOMode,SignalID,Polarity,RequestNumber,SyncSignalID,SyncPolarity,SyncEnable,EventEnable,SyncRequestNumber
Dma.USART1_TX.1.SignalID=NONE
Dma.USART1_TX.1.SyncEnable=DISABLE
Dma.USART1_TX.1.SyncPolarity=HAL_DMAMUX_SYNC_NO_EVENT
Dma.USART1_TX.1.SyncRequestNumber=1
Dma.USART1_TX.1.SyncSignalID=NONE
FMC.AttributeSpaceHiZSetupTime1=3
FMC.AttributeSpaceHoldSetupTime1=2
FMC.AttributeSpaceSetupTime1=3
FMC.AttributeSpaceWaitSetupTime1=3
FMC.CommonSpaceHiZSetupTime1=3
FMC.CommonSpaceHoldSetupTime1=2
FMC.CommonSpaceSetupTime1=3
FMC.CommonSpaceWaitSetupTime1=3
FMC.ECCPageSize1=FMC_NAND_ECC_PAGE_SIZE_2048BYTE
FMC.EccComputation1=FMC_NAND_ECC_ENABLE
FMC.IPParameters=ECCPageSize1,CommonSpaceSetupTime1,CommonSpaceWaitSetupTime1,CommonSpaceHoldSetupTime1,CommonSpaceHiZSetupTime1,AttributeSpaceSetupTime1,AttributeSpaceWaitSetupTime1,AttributeSpaceHoldSetupTime1,AttributeSpaceHiZSetupTime1,NandPageSize1,NandSpareAreaSize1,NandBlockSize1,NandBlockNbr1,NandPlaneNbr1,NandPlaneSize1,EccComputation1
FMC.NandBlockNbr1=2048
FMC.NandBlockSize1=64
FMC.NandPageSize1=2048
FMC.NandPlaneNbr1=2
FMC.NandPlaneSize1=4096
FMC.NandSpareAreaSize1=64
File.Version=6
GPIO.groupedBy=Group By Peripherals
KeepUserPlacement=false
Mcu.CPN=STM32H743VIT6
Mcu.Family=STM32H7
Mcu.IP0=CORTEX_M7
Mcu.IP1=CRC
Mcu.IP10=SYS
Mcu.IP11=TIM1
Mcu.IP12=TIM13
Mcu.IP13=USART1
Mcu.IP14=USB_OTG_FS
Mcu.IP2=DEBUG
Mcu.IP3=DMA
Mcu.IP4=FMC
Mcu.IP5=MDMA
Mcu.IP6=NVIC
Mcu.IP7=QUADSPI
Mcu.IP8=RCC
Mcu.IP9=SPI1
Mcu.IPNb=15
Mcu.Name=STM32H743VITx
Mcu.Package=LQFP100
Mcu.Pin0=PE2
Mcu.Pin1=PC14-OSC32_IN (OSC32_IN)
Mcu.Pin10=PB0
Mcu.Pin11=PB1
Mcu.Pin12=PB2
Mcu.Pin13=PE7
Mcu.Pin14=PE8
Mcu.Pin15=PE9
Mcu.Pin16=PE10
Mcu.Pin17=PB14
Mcu.Pin18=PB15
Mcu.Pin19=PD8
Mcu.Pin2=PC15-OSC32_OUT (OSC32_OUT)
Mcu.Pin20=PD11
Mcu.Pin21=PD12
Mcu.Pin22=PD14
Mcu.Pin23=PD15
Mcu.Pin24=PC8
Mcu.Pin25=PC9
Mcu.Pin26=PA8
Mcu.Pin27=PA11
Mcu.Pin28=PA12
Mcu.Pin29=PA13 (JTMS/SWDIO)
Mcu.Pin3=PH0-OSC_IN (PH0)
Mcu.Pin30=PA14 (JTCK/SWCLK)
Mcu.Pin31=PC10
Mcu.Pin32=PD0
Mcu.Pin33=PD1
Mcu.Pin34=PD4
Mcu.Pin35=PD5
Mcu.Pin36=PD6
Mcu.Pin37=PD7
Mcu.Pin38=PB3 (JTDO/TRACESWO)
Mcu.Pin39=PB6
Mcu.Pin4=PH1-OSC_OUT (PH1)
Mcu.Pin40=VP_CRC_VS_CRC
Mcu.Pin41=VP_SYS_VS_tim17
Mcu.Pin42=VP_TIM1_VS_ClockSourceINT
Mcu.Pin43=VP_TIM13_VS_ClockSourceINT
Mcu.Pin5=PA0
Mcu.Pin6=PA1
Mcu.Pin7=PA4
Mcu.Pin8=PC4
Mcu.Pin9=PC5
Mcu.PinsNb=44
Mcu.ThirdPartyNb=0
Mcu.UserConstants=
Mcu.UserName=STM32H743VITx
Mdma.MDMA_Channel0.QUADSPI_FIFO_TH.0.BlockCount=0
Mdma.MDMA_Channel0.QUADSPI_FIFO_TH.0.BlockDataLength=0
Mdma.MDMA_Channel0.QUADSPI_FIFO_TH.0.BufferTransferLength=128
Mdma.MDMA_Channel0.QUADSPI_FIFO_TH.0.CircularMode=MDMA_LINEAR_LIST
Mdma.MDMA_Channel0.QUADSPI_FIFO_TH.0.DataAlignment=MDMA_DATAALIGN_PACKENABLE
Mdma.MDMA_Channel0.QUADSPI_FIFO_TH.0.DestBlockAddressOffset=0
Mdma.MDMA_Channel0.QUADSPI_FIFO_TH.0.DestBurst=MDMA_DEST_BURST_SINGLE
Mdma.MDMA_Channel0.QUADSPI_FIFO_TH.0.DestDataSize=MDMA_DEST_DATASIZE_BYTE
Mdma.MDMA_Channel0.QUADSPI_FIFO_TH.0.DestinationInc=MDMA_DEST_INC_BYTE
Mdma.MDMA_Channel0.QUADSPI_FIFO_TH.0.DstAddress=0
Mdma.MDMA_Channel0.QUADSPI_FIFO_TH.0.Endianness=MDMA_LITTLE_ENDIANNESS_PRESERVE
Mdma.MDMA_Channel0.QUADSPI_FIFO_TH.0.Instance=MDMA_Channel0
Mdma.MDMA_Channel0.QUADSPI_FIFO_TH.0.MaskAddress=0
Mdma.MDMA_Channel0.QUADSPI_FIFO_TH.0.MaskData=0
Mdma.MDMA_Channel0.QUADSPI_FIFO_TH.0.Priority=MDMA_PRIORITY_VERY_HIGH
Mdma.MDMA_Channel0.QUADSPI_FIFO_TH.0.Rank=First
Mdma.MDMA_Channel0.QUADSPI_FIFO_TH.0.RequestParameters=Instance,CircularMode,TransferTriggerMode,Priority,Endianness,SourceInc,DestinationInc,SourceDataSize,DestDataSize,DataAlignment,BufferTransferLength,SourceBurst,DestBurst,SourceBlockAddressOffset,DestBlockAddressOffset,MaskAddress,MaskData,SrcAddress,DstAddress,BlockDataLength,BlockCount,Rank
Mdma.MDMA_Channel0.QUADSPI_FIFO_TH.0.SourceBlockAddressOffset=0
Mdma.MDMA_Channel0.QUADSPI_FIFO_TH.0.SourceBurst=MDMA_SOURCE_BURST_SINGLE
Mdma.MDMA_Channel0.QUADSPI_FIFO_TH.0.SourceDataSize=MDMA_SRC_DATASIZE_BYTE
Mdma.MDMA_Channel0.QUADSPI_FIFO_TH.0.SourceInc=MDMA_SRC_INC_BYTE
Mdma.MDMA_Channel0.QUADSPI_FIFO_TH.0.SrcAddress=0
Mdma.MDMA_Channel0.QUADSPI_FIFO_TH.0.TransferTriggerMode=MDMA_BUFFER_TRANSFER
Mdma.MDMA_Channel0.Request0=QUADSPI_FIFO_TH
Mdma.MDMA_Channel0.RequestsNb=1
Mdma.RequestSet0=MDMA_Channel0
Mdma.RequestSetsNb=1
MxCube.Version=6.6.1
MxDb.Version=DB.6.0.60
NVIC.BusFault_IRQn=true\:0\:0\:false\:false\:true\:false\:false\:false
NVIC.DMA1_Stream0_IRQn=true\:0\:0\:false\:false\:true\:false\:true\:true
NVIC.DMA1_Stream1_IRQn=true\:0\:0\:false\:false\:true\:false\:true\:true
NVIC.DMA1_Stream2_IRQn=true\:0\:0\:false\:false\:true\:false\:true\:true
NVIC.DebugMonitor_IRQn=true\:0\:0\:false\:false\:true\:false\:false\:false
NVIC.ForceEnableDMAVector=true
NVIC.HardFault_IRQn=true\:0\:0\:false\:false\:false\:false\:false\:false
NVIC.MDMA_IRQn=true\:0\:0\:false\:false\:true\:false\:true\:true
NVIC.MemoryManagement_IRQn=true\:0\:0\:false\:false\:true\:false\:false\:false
NVIC.NonMaskableInt_IRQn=true\:0\:0\:false\:false\:true\:false\:false\:false
NVIC.OTG_FS_IRQn=true\:5\:0\:true\:false\:false\:true\:true\:true
NVIC.PendSV_IRQn=true\:15\:0\:true\:false\:false\:false\:false\:false
NVIC.PriorityGroup=NVIC_PRIORITYGROUP_4
NVIC.QUADSPI_IRQn=true\:0\:0\:false\:false\:true\:true\:true\:true
NVIC.SPI1_IRQn=true\:0\:0\:false\:false\:true\:true\:true\:true
NVIC.SVCall_IRQn=true\:0\:0\:false\:false\:false\:false\:false\:false
NVIC.SysTick_IRQn=true\:15\:0\:true\:false\:false\:false\:true\:false
NVIC.TIM17_IRQn=true\:4\:0\:true\:false\:true\:false\:true\:true
NVIC.TIM8_UP_TIM13_IRQn=true\:0\:0\:false\:false\:true\:true\:true\:true
NVIC.TimeBase=TIM17_IRQn
NVIC.TimeBaseIP=TIM17
NVIC.USART1_IRQn=true\:0\:0\:false\:false\:true\:true\:true\:true
NVIC.UsageFault_IRQn=true\:0\:0\:false\:false\:true\:false\:false\:false
PA0.GPIOParameters=GPIO_PuPd,GPIO_Label
PA0.GPIO_Label=KEY
PA0.GPIO_PuPd=GPIO_PULLDOWN
PA0.Locked=true
PA0.Signal=GPIO_Input
PA1.GPIOParameters=GPIO_Speed
PA1.GPIO_Speed=GPIO_SPEED_FREQ_VERY_HIGH
PA1.Mode=Single Bank 1
PA1.Signal=QUADSPI_BK1_IO3
PA11.GPIOParameters=GPIO_Speed
PA11.GPIO_Speed=GPIO_SPEED_FREQ_VERY_HIGH
PA11.Mode=Device_Only
PA11.Signal=USB_OTG_FS_DM
PA12.GPIOParameters=GPIO_Speed
PA12.GPIO_Speed=GPIO_SPEED_FREQ_VERY_HIGH
PA12.Mode=Device_Only
PA12.Signal=USB_OTG_FS_DP
PA13\ (JTMS/SWDIO).Mode=Serial_Wire
PA13\ (JTMS/SWDIO).Signal=DEBUG_JTMS-SWDIO
PA14\ (JTCK/SWCLK).Mode=Serial_Wire
PA14\ (JTCK/SWCLK).Signal=DEBUG_JTCK-SWCLK
PA4.Mode=NSS_Signal_Hard_Output
PA4.Signal=SPI1_NSS
PA8.GPIOParameters=GPIO_Label
PA8.GPIO_Label=LCD_BLK
PA8.Locked=true
PA8.Signal=S_TIM1_CH1
PB0.GPIOParameters=GPIO_PuPd,GPIO_Label
PB0.GPIO_Label=LCD_DC
PB0.GPIO_PuPd=GPIO_NOPULL
PB0.Locked=true
PB0.Signal=GPIO_Output
PB1.GPIOParameters=GPIO_Label
PB1.GPIO_Label=LCD_RES
PB1.Locked=true
PB1.Signal=GPIO_Output
PB14.Mode=Asynchronous
PB14.Signal=USART1_TX
PB15.GPIOParameters=GPIO_PuPd
PB15.GPIO_PuPd=GPIO_PULLUP
PB15.Mode=Asynchronous
PB15.Signal=USART1_RX
PB2.GPIOParameters=GPIO_Speed
PB2.GPIO_Speed=GPIO_SPEED_FREQ_VERY_HIGH
PB2.Mode=Single Bank 1
PB2.Signal=QUADSPI_CLK
PB3\ (JTDO/TRACESWO).Locked=true
PB3\ (JTDO/TRACESWO).Mode=TX_Only_Simplex_Unidirect_Master
PB3\ (JTDO/TRACESWO).Signal=SPI1_SCK
PB6.GPIOParameters=GPIO_Speed
PB6.GPIO_Speed=GPIO_SPEED_FREQ_VERY_HIGH
PB6.Locked=true
PB6.Mode=Single Bank 1
PB6.Signal=QUADSPI_BK1_NCS
PC10.GPIOParameters=GPIO_Speed
PC10.GPIO_Speed=GPIO_SPEED_FREQ_VERY_HIGH
PC10.Locked=true
PC10.Mode=Single Bank 1
PC10.Signal=QUADSPI_BK1_IO1
PC14-OSC32_IN\ (OSC32_IN).Mode=LSE-External-Oscillator
PC14-OSC32_IN\ (OSC32_IN).Signal=RCC_OSC32_IN
PC15-OSC32_OUT\ (OSC32_OUT).Mode=LSE-External-Oscillator
PC15-OSC32_OUT\ (OSC32_OUT).Signal=RCC_OSC32_OUT
PC4.GPIOParameters=PinState,GPIO_PuPd,GPIO_Label
PC4.GPIO_Label=LED1
PC4.GPIO_PuPd=GPIO_PULLUP
PC4.Locked=true
PC4.PinState=GPIO_PIN_SET
PC4.Signal=GPIO_Output
PC5.GPIOParameters=PinState,GPIO_PuPd,GPIO_Label
PC5.GPIO_Label=LED2
PC5.GPIO_PuPd=GPIO_PULLUP
PC5.Locked=true
PC5.PinState=GPIO_PIN_SET
PC5.Signal=GPIO_Output
PC8.Mode=NandChipSelect3_1
PC8.Signal=FMC_NCE
PC9.GPIOParameters=GPIO_Speed
PC9.GPIO_Speed=GPIO_SPEED_FREQ_VERY_HIGH
PC9.Locked=true
PC9.Mode=Single Bank 1
PC9.Signal=QUADSPI_BK1_IO0
PD0.Signal=FMC_D2_DA2
PD1.Signal=FMC_D3_DA3
PD11.Signal=FMC_A16_CLE
PD12.Signal=FMC_A17_ALE
PD14.Signal=FMC_D0_DA0
PD15.Signal=FMC_D1_DA1
PD4.Signal=FMC_NOE
PD5.Signal=FMC_NWE
PD6.GPIOParameters=GPIO_PuPd
PD6.GPIO_PuPd=GPIO_PULLUP
PD6.Locked=true
PD6.Signal=FMC_NWAIT
PD7.Locked=true
PD7.Mode=TX_Only_Simplex_Unidirect_Master
PD7.Signal=SPI1_MOSI
PD8.GPIOParameters=GPIO_PuPd,GPIO_Label
PD8.GPIO_Label=ESP_POW
PD8.GPIO_PuPd=GPIO_PULLDOWN
PD8.Locked=true
PD8.Signal=GPIO_Output
PE10.Signal=FMC_D7_DA7
PE2.GPIOParameters=GPIO_Speed
PE2.GPIO_Speed=GPIO_SPEED_FREQ_VERY_HIGH
PE2.Mode=Single Bank 1
PE2.Signal=QUADSPI_BK1_IO2
PE7.Signal=FMC_D4_DA4
PE8.Signal=FMC_D5_DA5
PE9.Signal=FMC_D6_DA6
PH0-OSC_IN\ (PH0).Mode=HSE-External-Oscillator
PH0-OSC_IN\ (PH0).Signal=RCC_OSC_IN
PH1-OSC_OUT\ (PH1).Mode=HSE-External-Oscillator
PH1-OSC_OUT\ (PH1).Signal=RCC_OSC_OUT
PinOutPanel.RotationAngle=0
ProjectManager.AskForMigrate=true
ProjectManager.BackupPrevious=false
ProjectManager.CompilerOptimize=6
ProjectManager.ComputerToolchain=false
ProjectManager.CoupleFile=true
ProjectManager.CustomerFirmwarePackage=
ProjectManager.DefaultFWLocation=true
ProjectManager.DeletePrevious=true
ProjectManager.DeviceId=STM32H743VITx
ProjectManager.FirmwarePackage=STM32Cube FW_H7 V1.10.0
ProjectManager.FreePins=false
ProjectManager.HalAssertFull=false
ProjectManager.HeapSize=0x200
ProjectManager.KeepUserCode=true
ProjectManager.LastFirmware=true
ProjectManager.LibraryCopy=2
ProjectManager.MainLocation=Src
ProjectManager.NoMain=false
ProjectManager.PreviousToolchain=
ProjectManager.ProjectBuild=false
ProjectManager.ProjectFileName=STCubeGenerated.ioc
ProjectManager.ProjectName=STCubeGenerated
ProjectManager.RegisterCallBack=
ProjectManager.StackSize=0x400
ProjectManager.TargetToolchain=MDK-ARM V5
ProjectManager.TemplatesList=\\STM32CubeMX\\FrameworkCubeMX_gpdsc.ftl,\\STM32CubeMX\\MX_Device_h.ftl,
ProjectManager.ToolChainLocation=
ProjectManager.UnderRoot=false
ProjectManager.functionlistsort=1-SystemClock_Config-RCC-false-HAL-false,2-MX_GPIO_Init-GPIO-false-HAL-true,3-MX_USART1_UART_Init-USART1-false-HAL-true,4-MX_DMA_Init-DMA-false-HAL-true,5-MX_SPI1_Init-SPI1-false-HAL-true,6-MX_MDMA_Init-MDMA-false-HAL-true,7-MX_QUADSPI_Init-QUADSPI-false-HAL-true,8-MX_FMC_Init-FMC-false-HAL-true,9-MX_TIM1_Init-TIM1-false-HAL-true,10-MX_USB_OTG_FS_PCD_Init-USB_OTG_FS-false-HAL-true,11-MX_TIM13_Init-TIM13-false-HAL-true,0-MX_CORTEX_M7_Init-CORTEX_M7-false-HAL-true
QUADSPI.ClockPrescaler=2-1
QUADSPI.FifoThreshold=32
QUADSPI.FlashSize=24-1
QUADSPI.IPParameters=ClockPrescaler,FifoThreshold,SampleShifting,FlashSize
QUADSPI.SampleShifting=QSPI_SAMPLE_SHIFTING_HALFCYCLE
RCC.ADCFreq_Value=120000000
RCC.AHB12Freq_Value=200000000
RCC.AHB4Freq_Value=200000000
RCC.APB1Freq_Value=100000000
RCC.APB2Freq_Value=100000000
RCC.APB3Freq_Value=100000000
RCC.APB4Freq_Value=100000000
RCC.AXIClockFreq_Value=200000000
RCC.CECFreq_Value=32000
RCC.CKPERFreq_Value=64000000
RCC.CortexFreq_Value=400000000
RCC.CpuClockFreq_Value=400000000
RCC.D1CPREFreq_Value=400000000
RCC.D1PPRE=RCC_APB3_DIV2
RCC.D2PPRE1=RCC_APB1_DIV2
RCC.D2PPRE2=RCC_APB2_DIV2
RCC.D3PPRE=RCC_APB4_DIV2
RCC.DFSDMACLkFreq_Value=400000000
RCC.DFSDMFreq_Value=100000000
RCC.DIVM1=5
RCC.DIVM2=25
RCC.DIVM3=5
RCC.DIVN1=160
RCC.DIVN2=240
RCC.DIVN3=160
RCC.DIVP1Freq_Value=400000000
RCC.DIVP2Freq_Value=120000000
RCC.DIVP3Freq_Value=400000000
RCC.DIVQ1Freq_Value=400000000
RCC.DIVQ2Freq_Value=120000000
RCC.DIVQ3Freq_Value=400000000
RCC.DIVR1Freq_Value=400000000
RCC.DIVR2Freq_Value=120000000
RCC.DIVR3Freq_Value=400000000
RCC.FDCANFreq_Value=400000000
RCC.FMCFreq_Value=200000000
RCC.FamilyName=M
RCC.HCLK3ClockFreq_Value=200000000
RCC.HCLKFreq_Value=200000000
RCC.HPRE=RCC_HCLK_DIV2
RCC.HRTIMFreq_Value=200000000
RCC.I2C123Freq_Value=100000000
RCC.I2C4Freq_Value=100000000
RCC.IPParameters=ADCFreq_Value,AHB12Freq_Value,AHB4Freq_Value,APB1Freq_Value,APB2Freq_Value,APB3Freq_Value,APB4Freq_Value,AXIClockFreq_Value,CECFreq_Value,CKPERFreq_Value,CortexFreq_Value,CpuClockFreq_Value,D1CPREFreq_Value,D1PPRE,D2PPRE1,D2PPRE2,D3PPRE,DFSDMACLkFreq_Value,DFSDMFreq_Value,DIVM1,DIVM2,DIVM3,DIVN1,DIVN2,DIVN3,DIVP1Freq_Value,DIVP2Freq_Value,DIVP3Freq_Value,DIVQ1Freq_Value,DIVQ2Freq_Value,DIVQ3Freq_Value,DIVR1Freq_Value,DIVR2Freq_Value,DIVR3Freq_Value,FDCANFreq_Value,FMCFreq_Value,FamilyName,HCLK3ClockFreq_Value,HCLKFreq_Value,HPRE,HRTIMFreq_Value,I2C123Freq_Value,I2C4Freq_Value,LPTIM1Freq_Value,LPTIM2Freq_Value,LPTIM345Freq_Value,LPUART1Freq_Value,LTDCFreq_Value,MCO1PinFreq_Value,MCO2PinFreq_Value,PLLSourceVirtual,QSPIFreq_Value,RNGFreq_Value,RTCFreq_Value,SAI1Freq_Value,SAI23Freq_Value,SAI4AFreq_Value,SAI4BFreq_Value,SDMMCFreq_Value,SPDIFRXFreq_Value,SPI123CLockSelection,SPI123Freq_Value,SPI45Freq_Value,SPI6Freq_Value,SWPMI1Freq_Value,SYSCLKFreq_VALUE,SYSCLKSource,Tim1OutputFreq_Value,Tim2OutputFreq_Value,TraceFreq_Value,USART16Freq_Value,USART234578Freq_Value,USBCLockSelection,USBFreq_Value,VCO1OutputFreq_Value,VCO2OutputFreq_Value,VCO3OutputFreq_Value,VCOInput1Freq_Value,VCOInput2Freq_Value,VCOInput3Freq_Value
RCC.LPTIM1Freq_Value=100000000
RCC.LPTIM2Freq_Value=100000000
RCC.LPTIM345Freq_Value=100000000
RCC.LPUART1Freq_Value=100000000
RCC.LTDCFreq_Value=400000000
RCC.MCO1PinFreq_Value=64000000
RCC.MCO2PinFreq_Value=400000000
RCC.PLLSourceVirtual=RCC_PLLSOURCE_HSE
RCC.QSPIFreq_Value=200000000
RCC.RNGFreq_Value=48000000
RCC.RTCFreq_Value=32000
RCC.SAI1Freq_Value=400000000
RCC.SAI23Freq_Value=400000000
RCC.SAI4AFreq_Value=400000000
RCC.SAI4BFreq_Value=400000000
RCC.SDMMCFreq_Value=400000000
RCC.SPDIFRXFreq_Value=400000000
RCC.SPI123CLockSelection=RCC_SPI123CLKSOURCE_PLL2
RCC.SPI123Freq_Value=120000000
RCC.SPI45Freq_Value=100000000
RCC.SPI6Freq_Value=100000000
RCC.SWPMI1Freq_Value=100000000
RCC.SYSCLKFreq_VALUE=400000000
RCC.SYSCLKSource=RCC_SYSCLKSOURCE_PLLCLK
RCC.Tim1OutputFreq_Value=200000000
RCC.Tim2OutputFreq_Value=200000000
RCC.TraceFreq_Value=400000000
RCC.USART16Freq_Value=100000000
RCC.USART234578Freq_Value=100000000
RCC.USBCLockSelection=RCC_USBCLKSOURCE_HSI48
RCC.USBFreq_Value=48000000
RCC.VCO1OutputFreq_Value=800000000
RCC.VCO2OutputFreq_Value=240000000
RCC.VCO3OutputFreq_Value=800000000
RCC.VCOInput1Freq_Value=5000000
RCC.VCOInput2Freq_Value=1000000
RCC.VCOInput3Freq_Value=5000000
SH.FMC_A16_CLE.0=FMC_CLE,8b-dmux1
SH.FMC_A16_CLE.ConfNb=1
SH.FMC_A17_ALE.0=FMC_ALE,8b-dmux1
SH.FMC_A17_ALE.ConfNb=1
SH.FMC_D0_DA0.0=FMC_D0,8b-dmux1
SH.FMC_D0_DA0.ConfNb=1
SH.FMC_D1_DA1.0=FMC_D1,8b-dmux1
SH.FMC_D1_DA1.ConfNb=1
SH.FMC_D2_DA2.0=FMC_D2,8b-dmux1
SH.FMC_D2_DA2.ConfNb=1
SH.FMC_D3_DA3.0=FMC_D3,8b-dmux1
SH.FMC_D3_DA3.ConfNb=1
SH.FMC_D4_DA4.0=FMC_D4,8b-dmux1
SH.FMC_D4_DA4.ConfNb=1
SH.FMC_D5_DA5.0=FMC_D5,8b-dmux1
SH.FMC_D5_DA5.ConfNb=1
SH.FMC_D6_DA6.0=FMC_D6,8b-dmux1
SH.FMC_D6_DA6.ConfNb=1
SH.FMC_D7_DA7.0=FMC_D7,8b-dmux1
SH.FMC_D7_DA7.ConfNb=1
SH.FMC_NOE.0=FMC_NOE,8b-dmux1
SH.FMC_NOE.ConfNb=1
SH.FMC_NWAIT.0=FMC_NWAIT,Wait1
SH.FMC_NWAIT.ConfNb=1
SH.FMC_NWE.0=FMC_NWE,8b-dmux1
SH.FMC_NWE.ConfNb=1
SH.S_TIM1_CH1.0=TIM1_CH1,PWM Generation1 CH1
SH.S_TIM1_CH1.ConfNb=1
SPI1.BaudRatePrescaler=SPI_BAUDRATEPRESCALER_8
SPI1.CalculateBaudRate=15.0 MBits/s
SPI1.DataSize=SPI_DATASIZE_8BIT
SPI1.Direction=SPI_DIRECTION_2LINES_TXONLY
SPI1.IPParameters=VirtualType,Mode,Direction,BaudRatePrescaler,CalculateBaudRate,DataSize,VirtualNSS
SPI1.Mode=SPI_MODE_MASTER
SPI1.VirtualNSS=VM_NSSHARD
SPI1.VirtualType=VM_MASTER
TIM1.Channel-PWM\ Generation1\ CH1=TIM_CHANNEL_1
TIM1.IPParameters=Channel-PWM Generation1 CH1,Prescaler,Period
TIM1.Period=1000-1
TIM1.Prescaler=20-1
TIM13.IPParameters=Prescaler,Period
TIM13.Period=1000-1
TIM13.Prescaler=200-1
USART1.IPParameters=VirtualMode-Asynchronous
USART1.VirtualMode-Asynchronous=VM_ASYNC
USB_OTG_FS.IPParameters=VirtualMode
USB_OTG_FS.VirtualMode=Device_Only
VP_CRC_VS_CRC.Mode=CRC_Activate
VP_CRC_VS_CRC.Signal=CRC_VS_CRC
VP_SYS_VS_tim17.Mode=TIM17
VP_SYS_VS_tim17.Signal=SYS_VS_tim17
VP_TIM13_VS_ClockSourceINT.Mode=Enable_Timer
VP_TIM13_VS_ClockSourceINT.Signal=TIM13_VS_ClockSourceINT
VP_TIM1_VS_ClockSourceINT.Mode=Internal
VP_TIM1_VS_ClockSourceINT.Signal=TIM1_VS_ClockSourceINT
board=custom
